
Microsoft Visual Studio Solution File, Format Version 12.00
# Visual Studio Version 16
VisualStudioVersion = 16.0.31727.386
MinimumVisualStudioVersion = 10.0.40219.1
Project("{2150E333-8FDC-42A3-9474-1A3956D46DE8}") = "API", "API", "{6322FFA3-55FF-43C6-B168-875E8EEAC054}"
EndProject
Project("{2150E333-8FDC-42A3-9474-1A3956D46DE8}") = "HospitalClassLib", "HospitalClassLib", "{D75CED97-77A8-4DAB-8DD0-B13E39884F9E}"
EndProject
Project("{9A19103F-16F7-4668-BE54-9A1E7A4F7556}") = "Hospital", "HospitalClassLib\Hospital.csproj", "{F345FDEF-1199-411B-B429-14F060F8D24E}"
EndProject
Project("{9A19103F-16F7-4668-BE54-9A1E7A4F7556}") = "HospitalApi", "HospitalApi\HospitalApi.csproj", "{5288384E-845E-4497-9D19-05A4DD778966}"
EndProject
Project("{9A19103F-16F7-4668-BE54-9A1E7A4F7556}") = "HospitalIntegrationTests", "HospitalIntegrationTests\HospitalIntegrationTests.csproj", "{F0AD2C7E-62EE-4E9E-B3C4-854FA665C2B3}"
EndProject
Project("{9A19103F-16F7-4668-BE54-9A1E7A4F7556}") = "HospitalUnitTests", "HospitalUnitTests\HospitalUnitTests.csproj", "{897C4D8D-3A29-4A6C-A92C-AC582EF4DAC6}"
EndProject
Project("{FAE04EC0-301F-11D3-BF4B-00C04F79EFBC}") = "SeleniumTests", "SeleniumTests\SeleniumTests.csproj", "{BD04ED02-6994-4DEA-9CAD-B12DDFB46410}"
EndProject
Global
	GlobalSection(SolutionConfigurationPlatforms) = preSolution
		Debug|Any CPU = Debug|Any CPU
		Release|Any CPU = Release|Any CPU
	EndGlobalSection
	GlobalSection(ProjectConfigurationPlatforms) = postSolution
		{F345FDEF-1199-411B-B429-14F060F8D24E}.Debug|Any CPU.ActiveCfg = Debug|Any CPU
		{F345FDEF-1199-411B-B429-14F060F8D24E}.Debug|Any CPU.Build.0 = Debug|Any CPU
		{F345FDEF-1199-411B-B429-14F060F8D24E}.Release|Any CPU.ActiveCfg = Release|Any CPU
		{F345FDEF-1199-411B-B429-14F060F8D24E}.Release|Any CPU.Build.0 = Release|Any CPU
		{5288384E-845E-4497-9D19-05A4DD778966}.Debug|Any CPU.ActiveCfg = Debug|Any CPU
		{5288384E-845E-4497-9D19-05A4DD778966}.Debug|Any CPU.Build.0 = Debug|Any CPU
		{5288384E-845E-4497-9D19-05A4DD778966}.Release|Any CPU.ActiveCfg = Release|Any CPU
		{5288384E-845E-4497-9D19-05A4DD778966}.Release|Any CPU.Build.0 = Release|Any CPU
		{F0AD2C7E-62EE-4E9E-B3C4-854FA665C2B3}.Debug|Any CPU.ActiveCfg = Debug|Any CPU
		{F0AD2C7E-62EE-4E9E-B3C4-854FA665C2B3}.Debug|Any CPU.Build.0 = Debug|Any CPU
		{F0AD2C7E-62EE-4E9E-B3C4-854FA665C2B3}.Release|Any CPU.ActiveCfg = Release|Any CPU
		{F0AD2C7E-62EE-4E9E-B3C4-854FA665C2B3}.Release|Any CPU.Build.0 = Release|Any CPU
		{897C4D8D-3A29-4A6C-A92C-AC582EF4DAC6}.Debug|Any CPU.ActiveCfg = Debug|Any CPU
		{897C4D8D-3A29-4A6C-A92C-AC582EF4DAC6}.Debug|Any CPU.Build.0 = Debug|Any CPU
		{897C4D8D-3A29-4A6C-A92C-AC582EF4DAC6}.Release|Any CPU.ActiveCfg = Release|Any CPU
		{897C4D8D-3A29-4A6C-A92C-AC582EF4DAC6}.Release|Any CPU.Build.0 = Release|Any CPU
		{BD04ED02-6994-4DEA-9CAD-B12DDFB46410}.Debug|Any CPU.ActiveCfg = Debug|Any CPU
		{BD04ED02-6994-4DEA-9CAD-B12DDFB46410}.Debug|Any CPU.Build.0 = Debug|Any CPU
		{BD04ED02-6994-4DEA-9CAD-B12DDFB46410}.Release|Any CPU.ActiveCfg = Release|Any CPU
		{BD04ED02-6994-4DEA-9CAD-B12DDFB46410}.Release|Any CPU.Build.0 = Release|Any CPU
	EndGlobalSection
	GlobalSection(SolutionProperties) = preSolution
		HideSolutionNode = FALSE
	EndGlobalSection
	GlobalSection(NestedProjects) = preSolution
		{F345FDEF-1199-411B-B429-14F060F8D24E} = {D75CED97-77A8-4DAB-8DD0-B13E39884F9E}
		{5288384E-845E-4497-9D19-05A4DD778966} = {6322FFA3-55FF-43C6-B168-875E8EEAC054}
	EndGlobalSection
	GlobalSection(ExtensibilityGlobals) = postSolution
		SolutionGuid = {56306E37-2382-46CF-B47C-BEAF0941BF14}
	EndGlobalSection
EndGlobal
